# THIS IS AN AUTOGENERATED FILE. DO NOT EDIT THIS FILE DIRECTLY.
# yarn lockfile v1


chartjs-plugin-datalabels@^2.2.0:
  version "2.2.0"
  resolved "https://registry.yarnpkg.com/chartjs-plugin-datalabels/-/chartjs-plugin-datalabels-2.2.0.tgz#369578e131d743c2e34b5fbe2d3f9335f6639b8f"
  integrity sha512-14ZU30lH7n89oq+A4bWaJPnAG8a7ZTk7dKf48YAzMvJjQtjrgg5Dpk9f+LbjCF6bpx3RAGTeL13IXpKQYyRvlw==
